// !$*UTF8*$!
{
	archiveVersion = 1;
	classes = {
	};
	objectVersion = 56;
	objects = {

/* Begin PBXBuildFile section */
		A70E798F2B0BF1400026F138 /* LoadingOverlay.swift in Sources */ = {isa = PBXBuildFile; fileRef = A70E798E2B0BF1400026F138 /* LoadingOverlay.swift */; };
		A70E79922B0D46310026F138 /* WelcomeView.swift in Sources */ = {isa = PBXBuildFile; fileRef = A70E79912B0D46310026F138 /* WelcomeView.swift */; };
		A70E79942B0DA3480026F138 /* LoginView.swift in Sources */ = {isa = PBXBuildFile; fileRef = A70E79932B0DA3480026F138 /* LoginView.swift */; };
		A70FAFD42B080E0C00ACC640 /* AccentButton.swift in Sources */ = {isa = PBXBuildFile; fileRef = A70FAFD32B080E0C00ACC640 /* AccentButton.swift */; };
		A748E70C2B01F4D60002990A /* VitalinkApp.swift in Sources */ = {isa = PBXBuildFile; fileRef = A748E70B2B01F4D60002990A /* VitalinkApp.swift */; };
		A748E70E2B01F4D60002990A /* ContentView.swift in Sources */ = {isa = PBXBuildFile; fileRef = A748E70D2B01F4D60002990A /* ContentView.swift */; };
		A748E7102B01F4D80002990A /* Assets.xcassets in Resources */ = {isa = PBXBuildFile; fileRef = A748E70F2B01F4D80002990A /* Assets.xcassets */; };
		A748E7132B01F4D80002990A /* Preview Assets.xcassets in Resources */ = {isa = PBXBuildFile; fileRef = A748E7122B01F4D80002990A /* Preview Assets.xcassets */; };
		A748E71D2B01F4D80002990A /* VitalinkTests.swift in Sources */ = {isa = PBXBuildFile; fileRef = A748E71C2B01F4D80002990A /* VitalinkTests.swift */; };
		A748E7272B01F4D80002990A /* VitalinkUITests.swift in Sources */ = {isa = PBXBuildFile; fileRef = A748E7262B01F4D80002990A /* VitalinkUITests.swift */; };
		A748E7292B01F4D80002990A /* VitalinkUITestsLaunchTests.swift in Sources */ = {isa = PBXBuildFile; fileRef = A748E7282B01F4D80002990A /* VitalinkUITestsLaunchTests.swift */; };
		A748E7362B01F5390002990A /* Models.swift in Sources */ = {isa = PBXBuildFile; fileRef = A748E7352B01F5390002990A /* Models.swift */; };
		A748E7382B01F55C0002990A /* API.swift in Sources */ = {isa = PBXBuildFile; fileRef = A748E7372B01F55C0002990A /* API.swift */; };
		A758768B2B0EB1D000E709FF /* ModelData.swift in Sources */ = {isa = PBXBuildFile; fileRef = A758768A2B0EB1D000E709FF /* ModelData.swift */; };
		A758768D2B0EB1F400E709FF /* Keychain.swift in Sources */ = {isa = PBXBuildFile; fileRef = A758768C2B0EB1F400E709FF /* Keychain.swift */; };
		A758768F2B0EB9B900E709FF /* ProfileView.swift in Sources */ = {isa = PBXBuildFile; fileRef = A758768E2B0EB9B900E709FF /* ProfileView.swift */; };
		A75876922B0F1AED00E709FF /* QualitativeInput.swift in Sources */ = {isa = PBXBuildFile; fileRef = A75876912B0F1AED00E709FF /* QualitativeInput.swift */; };
		A75876942B0F1B0800E709FF /* QuantitativeInput.swift in Sources */ = {isa = PBXBuildFile; fileRef = A75876932B0F1B0800E709FF /* QuantitativeInput.swift */; };
		A758769B2B0F374F00E709FF /* RecordElement.swift in Sources */ = {isa = PBXBuildFile; fileRef = A758769A2B0F374F00E709FF /* RecordElement.swift */; };
		A758769D2B0F377A00E709FF /* AddRecordsView.swift in Sources */ = {isa = PBXBuildFile; fileRef = A758769C2B0F377A00E709FF /* AddRecordsView.swift */; };
		A758B9092B104C3200C1B83D /* IndicatorElement.swift in Sources */ = {isa = PBXBuildFile; fileRef = A758B9082B104C3200C1B83D /* IndicatorElement.swift */; };
		A7948E122B109977006EE4CB /* CustomConfirmation.swift in Sources */ = {isa = PBXBuildFile; fileRef = A7948E112B109977006EE4CB /* CustomConfirmation.swift */; };
		A79E5BCB2B0FEA8E00430A39 /* IndicatorSelection.swift in Sources */ = {isa = PBXBuildFile; fileRef = A79E5BCA2B0FEA8D00430A39 /* IndicatorSelection.swift */; };
		A79E5BCD2B0FEB3C00430A39 /* SuggestedIndicator.swift in Sources */ = {isa = PBXBuildFile; fileRef = A79E5BCC2B0FEB3C00430A39 /* SuggestedIndicator.swift */; };
		A7B552F22B07FC3300046C80 /* RegistrationView.swift in Sources */ = {isa = PBXBuildFile; fileRef = A7B552F12B07FC3300046C80 /* RegistrationView.swift */; };
		A7B552F42B07FD2000046C80 /* MedicalBackground.swift in Sources */ = {isa = PBXBuildFile; fileRef = A7B552F32B07FD2000046C80 /* MedicalBackground.swift */; };
		A7F55A7D2B05DCB80076580F /* HistoryView.swift in Sources */ = {isa = PBXBuildFile; fileRef = A7F55A7C2B05DCB80076580F /* HistoryView.swift */; };
		A7F55A7F2B05DCEB0076580F /* RecordValueBar.swift in Sources */ = {isa = PBXBuildFile; fileRef = A7F55A7E2B05DCEB0076580F /* RecordValueBar.swift */; };
		A7F55A812B05DD110076580F /* IndicatorHistory.swift in Sources */ = {isa = PBXBuildFile; fileRef = A7F55A802B05DD110076580F /* IndicatorHistory.swift */; };
		A7F55A832B05F02B0076580F /* HistoryElement.swift in Sources */ = {isa = PBXBuildFile; fileRef = A7F55A822B05F02B0076580F /* HistoryElement.swift */; };
/* End PBXBuildFile section */

/* Begin PBXContainerItemProxy section */
		A748E7192B01F4D80002990A /* PBXContainerItemProxy */ = {
			isa = PBXContainerItemProxy;
			containerPortal = A748E7002B01F4D60002990A /* Project object */;
			proxyType = 1;
			remoteGlobalIDString = A748E7072B01F4D60002990A;
			remoteInfo = Vitalink;
		};
		A748E7232B01F4D80002990A /* PBXContainerItemProxy */ = {
			isa = PBXContainerItemProxy;
			containerPortal = A748E7002B01F4D60002990A /* Project object */;
			proxyType = 1;
			remoteGlobalIDString = A748E7072B01F4D60002990A;
			remoteInfo = Vitalink;
		};
/* End PBXContainerItemProxy section */

/* Begin PBXFileReference section */
		A70E798E2B0BF1400026F138 /* LoadingOverlay.swift */ = {isa = PBXFileReference; lastKnownFileType = sourcecode.swift; path = LoadingOverlay.swift; sourceTree = "<group>"; };
		A70E79912B0D46310026F138 /* WelcomeView.swift */ = {isa = PBXFileReference; lastKnownFileType = sourcecode.swift; path = WelcomeView.swift; sourceTree = "<group>"; };
		A70E79932B0DA3480026F138 /* LoginView.swift */ = {isa = PBXFileReference; lastKnownFileType = sourcecode.swift; path = LoginView.swift; sourceTree = "<group>"; };
		A70FAFD32B080E0C00ACC640 /* AccentButton.swift */ = {isa = PBXFileReference; lastKnownFileType = sourcecode.swift; path = AccentButton.swift; sourceTree = "<group>"; };
		A748E7082B01F4D60002990A /* Vitalink.app */ = {isa = PBXFileReference; explicitFileType = wrapper.application; includeInIndex = 0; path = Vitalink.app; sourceTree = BUILT_PRODUCTS_DIR; };
		A748E70B2B01F4D60002990A /* VitalinkApp.swift */ = {isa = PBXFileReference; lastKnownFileType = sourcecode.swift; path = VitalinkApp.swift; sourceTree = "<group>"; };
		A748E70D2B01F4D60002990A /* ContentView.swift */ = {isa = PBXFileReference; lastKnownFileType = sourcecode.swift; path = ContentView.swift; sourceTree = "<group>"; };
		A748E70F2B01F4D80002990A /* Assets.xcassets */ = {isa = PBXFileReference; lastKnownFileType = folder.assetcatalog; path = Assets.xcassets; sourceTree = "<group>"; };
		A748E7122B01F4D80002990A /* Preview Assets.xcassets */ = {isa = PBXFileReference; lastKnownFileType = folder.assetcatalog; path = "Preview Assets.xcassets"; sourceTree = "<group>"; };
		A748E7182B01F4D80002990A /* VitalinkTests.xctest */ = {isa = PBXFileReference; explicitFileType = wrapper.cfbundle; includeInIndex = 0; path = VitalinkTests.xctest; sourceTree = BUILT_PRODUCTS_DIR; };
		A748E71C2B01F4D80002990A /* VitalinkTests.swift */ = {isa = PBXFileReference; lastKnownFileType = sourcecode.swift; path = VitalinkTests.swift; sourceTree = "<group>"; };
		A748E7222B01F4D80002990A /* VitalinkUITests.xctest */ = {isa = PBXFileReference; explicitFileType = wrapper.cfbundle; includeInIndex = 0; path = VitalinkUITests.xctest; sourceTree = BUILT_PRODUCTS_DIR; };
		A748E7262B01F4D80002990A /* VitalinkUITests.swift */ = {isa = PBXFileReference; lastKnownFileType = sourcecode.swift; path = VitalinkUITests.swift; sourceTree = "<group>"; };
		A748E7282B01F4D80002990A /* VitalinkUITestsLaunchTests.swift */ = {isa = PBXFileReference; lastKnownFileType = sourcecode.swift; path = VitalinkUITestsLaunchTests.swift; sourceTree = "<group>"; };
		A748E7352B01F5390002990A /* Models.swift */ = {isa = PBXFileReference; lastKnownFileType = sourcecode.swift; path = Models.swift; sourceTree = "<group>"; };
		A748E7372B01F55C0002990A /* API.swift */ = {isa = PBXFileReference; lastKnownFileType = sourcecode.swift; path = API.swift; sourceTree = "<group>"; };
		A758768A2B0EB1D000E709FF /* ModelData.swift */ = {isa = PBXFileReference; lastKnownFileType = sourcecode.swift; path = ModelData.swift; sourceTree = "<group>"; };
		A758768C2B0EB1F400E709FF /* Keychain.swift */ = {isa = PBXFileReference; lastKnownFileType = sourcecode.swift; path = Keychain.swift; sourceTree = "<group>"; };
		A758768E2B0EB9B900E709FF /* ProfileView.swift */ = {isa = PBXFileReference; lastKnownFileType = sourcecode.swift; path = ProfileView.swift; sourceTree = "<group>"; };
		A75876912B0F1AED00E709FF /* QualitativeInput.swift */ = {isa = PBXFileReference; lastKnownFileType = sourcecode.swift; path = QualitativeInput.swift; sourceTree = "<group>"; };
		A75876932B0F1B0800E709FF /* QuantitativeInput.swift */ = {isa = PBXFileReference; lastKnownFileType = sourcecode.swift; path = QuantitativeInput.swift; sourceTree = "<group>"; };
		A758769A2B0F374F00E709FF /* RecordElement.swift */ = {isa = PBXFileReference; lastKnownFileType = sourcecode.swift; path = RecordElement.swift; sourceTree = "<group>"; };
		A758769C2B0F377A00E709FF /* AddRecordsView.swift */ = {isa = PBXFileReference; lastKnownFileType = sourcecode.swift; path = AddRecordsView.swift; sourceTree = "<group>"; };
		A758B9082B104C3200C1B83D /* IndicatorElement.swift */ = {isa = PBXFileReference; lastKnownFileType = sourcecode.swift; path = IndicatorElement.swift; sourceTree = "<group>"; };
		A7948E112B109977006EE4CB /* CustomConfirmation.swift */ = {isa = PBXFileReference; lastKnownFileType = sourcecode.swift; path = CustomConfirmation.swift; sourceTree = "<group>"; };
		A79E5BCA2B0FEA8D00430A39 /* IndicatorSelection.swift */ = {isa = PBXFileReference; lastKnownFileType = sourcecode.swift; path = IndicatorSelection.swift; sourceTree = "<group>"; };
		A79E5BCC2B0FEB3C00430A39 /* SuggestedIndicator.swift */ = {isa = PBXFileReference; lastKnownFileType = sourcecode.swift; path = SuggestedIndicator.swift; sourceTree = "<group>"; };
		A7B552F12B07FC3300046C80 /* RegistrationView.swift */ = {isa = PBXFileReference; lastKnownFileType = sourcecode.swift; path = RegistrationView.swift; sourceTree = "<group>"; };
		A7B552F32B07FD2000046C80 /* MedicalBackground.swift */ = {isa = PBXFileReference; lastKnownFileType = sourcecode.swift; path = MedicalBackground.swift; sourceTree = "<group>"; };
		A7F55A7C2B05DCB80076580F /* HistoryView.swift */ = {isa = PBXFileReference; lastKnownFileType = sourcecode.swift; path = HistoryView.swift; sourceTree = "<group>"; };
		A7F55A7E2B05DCEB0076580F /* RecordValueBar.swift */ = {isa = PBXFileReference; lastKnownFileType = sourcecode.swift; path = RecordValueBar.swift; sourceTree = "<group>"; };
		A7F55A802B05DD110076580F /* IndicatorHistory.swift */ = {isa = PBXFileReference; lastKnownFileType = sourcecode.swift; path = IndicatorHistory.swift; sourceTree = "<group>"; };
		A7F55A822B05F02B0076580F /* HistoryElement.swift */ = {isa = PBXFileReference; lastKnownFileType = sourcecode.swift; path = HistoryElement.swift; sourceTree = "<group>"; };
/* End PBXFileReference section */

/* Begin PBXFrameworksBuildPhase section */
		A748E7052B01F4D60002990A /* Frameworks */ = {
			isa = PBXFrameworksBuildPhase;
			buildActionMask = 2147483647;
			files = (
			);
			runOnlyForDeploymentPostprocessing = 0;
		};
		A748E7152B01F4D80002990A /* Frameworks */ = {
			isa = PBXFrameworksBuildPhase;
			buildActionMask = 2147483647;
			files = (
			);
			runOnlyForDeploymentPostprocessing = 0;
		};
		A748E71F2B01F4D80002990A /* Frameworks */ = {
			isa = PBXFrameworksBuildPhase;
			buildActionMask = 2147483647;
			files = (
			);
			runOnlyForDeploymentPostprocessing = 0;
		};
/* End PBXFrameworksBuildPhase section */

/* Begin PBXGroup section */
		A70E79902B0BF1880026F138 /* Other */ = {
			isa = PBXGroup;
			children = (
				A70FAFD32B080E0C00ACC640 /* AccentButton.swift */,
				A70E798E2B0BF1400026F138 /* LoadingOverlay.swift */,
			);
			path = Other;
			sourceTree = "<group>";
		};
		A748E6FF2B01F4D60002990A = {
			isa = PBXGroup;
			children = (
				A748E70A2B01F4D60002990A /* Vitalink */,
				A748E71B2B01F4D80002990A /* VitalinkTests */,
				A748E7252B01F4D80002990A /* VitalinkUITests */,
				A748E7092B01F4D60002990A /* Products */,
			);
			sourceTree = "<group>";
		};
		A748E7092B01F4D60002990A /* Products */ = {
			isa = PBXGroup;
			children = (
				A748E7082B01F4D60002990A /* Vitalink.app */,
				A748E7182B01F4D80002990A /* VitalinkTests.xctest */,
				A748E7222B01F4D80002990A /* VitalinkUITests.xctest */,
			);
			name = Products;
			sourceTree = "<group>";
		};
		A748E70A2B01F4D60002990A /* Vitalink */ = {
			isa = PBXGroup;
			children = (
				A748E70B2B01F4D60002990A /* VitalinkApp.swift */,
				A748E70D2B01F4D60002990A /* ContentView.swift */,
				A7F55A842B0604EA0076580F /* History */,
				A7B552F62B07FD3700046C80 /* Authentication */,
				A75876902B0EB9C500E709FF /* Profile */,
				A75876952B0F1B1300E709FF /* Records */,
				A70E79902B0BF1880026F138 /* Other */,
				A748E7352B01F5390002990A /* Models.swift */,
				A758768A2B0EB1D000E709FF /* ModelData.swift */,
				A748E7372B01F55C0002990A /* API.swift */,
				A758768C2B0EB1F400E709FF /* Keychain.swift */,
				A748E70F2B01F4D80002990A /* Assets.xcassets */,
				A748E7112B01F4D80002990A /* Preview Content */,
			);
			path = Vitalink;
			sourceTree = "<group>";
		};
		A748E7112B01F4D80002990A /* Preview Content */ = {
			isa = PBXGroup;
			children = (
				A748E7122B01F4D80002990A /* Preview Assets.xcassets */,
			);
			path = "Preview Content";
			sourceTree = "<group>";
		};
		A748E71B2B01F4D80002990A /* VitalinkTests */ = {
			isa = PBXGroup;
			children = (
				A748E71C2B01F4D80002990A /* VitalinkTests.swift */,
			);
			path = VitalinkTests;
			sourceTree = "<group>";
		};
		A748E7252B01F4D80002990A /* VitalinkUITests */ = {
			isa = PBXGroup;
			children = (
				A748E7262B01F4D80002990A /* VitalinkUITests.swift */,
				A748E7282B01F4D80002990A /* VitalinkUITestsLaunchTests.swift */,
			);
			path = VitalinkUITests;
			sourceTree = "<group>";
		};
		A75876902B0EB9C500E709FF /* Profile */ = {
			isa = PBXGroup;
			children = (
				A758768E2B0EB9B900E709FF /* ProfileView.swift */,
			);
			path = Profile;
			sourceTree = "<group>";
		};
		A75876952B0F1B1300E709FF /* Records */ = {
			isa = PBXGroup;
			children = (
				A79E5BCA2B0FEA8D00430A39 /* IndicatorSelection.swift */,
				A758769C2B0F377A00E709FF /* AddRecordsView.swift */,
				A75876912B0F1AED00E709FF /* QualitativeInput.swift */,
				A75876932B0F1B0800E709FF /* QuantitativeInput.swift */,
				A758B9082B104C3200C1B83D /* IndicatorElement.swift */,
				A79E5BCC2B0FEB3C00430A39 /* SuggestedIndicator.swift */,
				A758769A2B0F374F00E709FF /* RecordElement.swift */,
				A7948E112B109977006EE4CB /* CustomConfirmation.swift */,
			);
			path = Records;
			sourceTree = "<group>";
		};
		A7B552F62B07FD3700046C80 /* Authentication */ = {
			isa = PBXGroup;
			children = (
				A70E79912B0D46310026F138 /* WelcomeView.swift */,
				A7B552F12B07FC3300046C80 /* RegistrationView.swift */,
				A70E79932B0DA3480026F138 /* LoginView.swift */,
				A7B552F32B07FD2000046C80 /* MedicalBackground.swift */,
			);
			path = Authentication;
			sourceTree = "<group>";
		};
		A7F55A842B0604EA0076580F /* History */ = {
			isa = PBXGroup;
			children = (
				A7F55A7C2B05DCB80076580F /* HistoryView.swift */,
				A7F55A822B05F02B0076580F /* HistoryElement.swift */,
				A7F55A802B05DD110076580F /* IndicatorHistory.swift */,
				A7F55A7E2B05DCEB0076580F /* RecordValueBar.swift */,
			);
			path = History;
			sourceTree = "<group>";
		};
/* End PBXGroup section */

/* Begin PBXNativeTarget section */
		A748E7072B01F4D60002990A /* Vitalink */ = {
			isa = PBXNativeTarget;
			buildConfigurationList = A748E72C2B01F4D80002990A /* Build configuration list for PBXNativeTarget "Vitalink" */;
			buildPhases = (
				A748E7042B01F4D60002990A /* Sources */,
				A748E7052B01F4D60002990A /* Frameworks */,
				A748E7062B01F4D60002990A /* Resources */,
			);
			buildRules = (
			);
			dependencies = (
			);
			name = Vitalink;
			productName = Vitalink;
			productReference = A748E7082B01F4D60002990A /* Vitalink.app */;
			productType = "com.apple.product-type.application";
		};
		A748E7172B01F4D80002990A /* VitalinkTests */ = {
			isa = PBXNativeTarget;
			buildConfigurationList = A748E72F2B01F4D80002990A /* Build configuration list for PBXNativeTarget "VitalinkTests" */;
			buildPhases = (
				A748E7142B01F4D80002990A /* Sources */,
				A748E7152B01F4D80002990A /* Frameworks */,
				A748E7162B01F4D80002990A /* Resources */,
			);
			buildRules = (
			);
			dependencies = (
				A748E71A2B01F4D80002990A /* PBXTargetDependency */,
			);
			name = VitalinkTests;
			productName = VitalinkTests;
			productReference = A748E7182B01F4D80002990A /* VitalinkTests.xctest */;
			productType = "com.apple.product-type.bundle.unit-test";
		};
		A748E7212B01F4D80002990A /* VitalinkUITests */ = {
			isa = PBXNativeTarget;
			buildConfigurationList = A748E7322B01F4D80002990A /* Build configuration list for PBXNativeTarget "VitalinkUITests" */;
			buildPhases = (
				A748E71E2B01F4D80002990A /* Sources */,
				A748E71F2B01F4D80002990A /* Frameworks */,
				A748E7202B01F4D80002990A /* Resources */,
			);
			buildRules = (
			);
			dependencies = (
				A748E7242B01F4D80002990A /* PBXTargetDependency */,
			);
			name = VitalinkUITests;
			productName = VitalinkUITests;
			productReference = A748E7222B01F4D80002990A /* VitalinkUITests.xctest */;
			productType = "com.apple.product-type.bundle.ui-testing";
		};
/* End PBXNativeTarget section */

/* Begin PBXProject section */
		A748E7002B01F4D60002990A /* Project object */ = {
			isa = PBXProject;
			attributes = {
				BuildIndependentTargetsInParallel = 1;
				LastSwiftUpdateCheck = 1500;
				LastUpgradeCheck = 1500;
				TargetAttributes = {
					A748E7072B01F4D60002990A = {
						CreatedOnToolsVersion = 15.0.1;
					};
					A748E7172B01F4D80002990A = {
						CreatedOnToolsVersion = 15.0.1;
						TestTargetID = A748E7072B01F4D60002990A;
					};
					A748E7212B01F4D80002990A = {
						CreatedOnToolsVersion = 15.0.1;
						TestTargetID = A748E7072B01F4D60002990A;
					};
				};
			};
			buildConfigurationList = A748E7032B01F4D60002990A /* Build configuration list for PBXProject "Vitalink" */;
			compatibilityVersion = "Xcode 14.0";
			developmentRegion = en;
			hasScannedForEncodings = 0;
			knownRegions = (
				en,
				Base,
			);
			mainGroup = A748E6FF2B01F4D60002990A;
			productRefGroup = A748E7092B01F4D60002990A /* Products */;
			projectDirPath = "";
			projectRoot = "";
			targets = (
				A748E7072B01F4D60002990A /* Vitalink */,
				A748E7172B01F4D80002990A /* VitalinkTests */,
				A748E7212B01F4D80002990A /* VitalinkUITests */,
			);
		};
/* End PBXProject section */

/* Begin PBXResourcesBuildPhase section */
		A748E7062B01F4D60002990A /* Resources */ = {
			isa = PBXResourcesBuildPhase;
			buildActionMask = 2147483647;
			files = (
				A748E7132B01F4D80002990A /* Preview Assets.xcassets in Resources */,
				A748E7102B01F4D80002990A /* Assets.xcassets in Resources */,
			);
			runOnlyForDeploymentPostprocessing = 0;
		};
		A748E7162B01F4D80002990A /* Resources */ = {
			isa = PBXResourcesBuildPhase;
			buildActionMask = 2147483647;
			files = (
			);
			runOnlyForDeploymentPostprocessing = 0;
		};
		A748E7202B01F4D80002990A /* Resources */ = {
			isa = PBXResourcesBuildPhase;
			buildActionMask = 2147483647;
			files = (
			);
			runOnlyForDeploymentPostprocessing = 0;
		};
/* End PBXResourcesBuildPhase section */

/* Begin PBXSourcesBuildPhase section */
		A748E7042B01F4D60002990A /* Sources */ = {
			isa = PBXSourcesBuildPhase;
			buildActionMask = 2147483647;
			files = (
				A758B9092B104C3200C1B83D /* IndicatorElement.swift in Sources */,
				A748E7362B01F5390002990A /* Models.swift in Sources */,
				A7F55A812B05DD110076580F /* IndicatorHistory.swift in Sources */,
				A79E5BCB2B0FEA8E00430A39 /* IndicatorSelection.swift in Sources */,
				A758768B2B0EB1D000E709FF /* ModelData.swift in Sources */,
				A7948E122B109977006EE4CB /* CustomConfirmation.swift in Sources */,
				A748E70E2B01F4D60002990A /* ContentView.swift in Sources */,
				A75876922B0F1AED00E709FF /* QualitativeInput.swift in Sources */,
				A7B552F22B07FC3300046C80 /* RegistrationView.swift in Sources */,
				A758768D2B0EB1F400E709FF /* Keychain.swift in Sources */,
				A7F55A832B05F02B0076580F /* HistoryElement.swift in Sources */,
				A70FAFD42B080E0C00ACC640 /* AccentButton.swift in Sources */,
				A79E5BCD2B0FEB3C00430A39 /* SuggestedIndicator.swift in Sources */,
				A7F55A7F2B05DCEB0076580F /* RecordValueBar.swift in Sources */,
				A758768F2B0EB9B900E709FF /* ProfileView.swift in Sources */,
				A758769B2B0F374F00E709FF /* RecordElement.swift in Sources */,
				A70E79922B0D46310026F138 /* WelcomeView.swift in Sources */,
				A70E79942B0DA3480026F138 /* LoginView.swift in Sources */,
				A75876942B0F1B0800E709FF /* QuantitativeInput.swift in Sources */,
				A7F55A7D2B05DCB80076580F /* HistoryView.swift in Sources */,
				A748E7382B01F55C0002990A /* API.swift in Sources */,
				A748E70C2B01F4D60002990A /* VitalinkApp.swift in Sources */,
				A7B552F42B07FD2000046C80 /* MedicalBackground.swift in Sources */,
				A70E798F2B0BF1400026F138 /* LoadingOverlay.swift in Sources */,
				A758769D2B0F377A00E709FF /* AddRecordsView.swift in Sources */,
			);
			runOnlyForDeploymentPostprocessing = 0;
		};
		A748E7142B01F4D80002990A /* Sources */ = {
			isa = PBXSourcesBuildPhase;
			buildActionMask = 2147483647;
			files = (
				A748E71D2B01F4D80002990A /* VitalinkTests.swift in Sources */,
			);
			runOnlyForDeploymentPostprocessing = 0;
		};
		A748E71E2B01F4D80002990A /* Sources */ = {
			isa = PBXSourcesBuildPhase;
			buildActionMask = 2147483647;
			files = (
				A748E7292B01F4D80002990A /* VitalinkUITestsLaunchTests.swift in Sources */,
				A748E7272B01F4D80002990A /* VitalinkUITests.swift in Sources */,
			);
			runOnlyForDeploymentPostprocessing = 0;
		};
/* End PBXSourcesBuildPhase section */

/* Begin PBXTargetDependency section */
		A748E71A2B01F4D80002990A /* PBXTargetDependency */ = {
			isa = PBXTargetDependency;
			target = A748E7072B01F4D60002990A /* Vitalink */;
			targetProxy = A748E7192B01F4D80002990A /* PBXContainerItemProxy */;
		};
		A748E7242B01F4D80002990A /* PBXTargetDependency */ = {
			isa = PBXTargetDependency;
			target = A748E7072B01F4D60002990A /* Vitalink */;
			targetProxy = A748E7232B01F4D80002990A /* PBXContainerItemProxy */;
		};
/* End PBXTargetDependency section */

/* Begin XCBuildConfiguration section */
		A748E72A2B01F4D80002990A /* Debug */ = {
			isa = XCBuildConfiguration;
			buildSettings = {
				ALWAYS_SEARCH_USER_PATHS = NO;
				ASSETCATALOG_COMPILER_GENERATE_SWIFT_ASSET_SYMBOL_EXTENSIONS = YES;
				CLANG_ANALYZER_NONNULL = YES;
				CLANG_ANALYZER_NUMBER_OBJECT_CONVERSION = YES_AGGRESSIVE;
				CLANG_CXX_LANGUAGE_STANDARD = "gnu++20";
				CLANG_ENABLE_MODULES = YES;
				CLANG_ENABLE_OBJC_ARC = YES;
				CLANG_ENABLE_OBJC_WEAK = YES;
				CLANG_WARN_BLOCK_CAPTURE_AUTORELEASING = YES;
				CLANG_WARN_BOOL_CONVERSION = YES;
				CLANG_WARN_COMMA = YES;
				CLANG_WARN_CONSTANT_CONVERSION = YES;
				CLANG_WARN_DEPRECATED_OBJC_IMPLEMENTATIONS = YES;
				CLANG_WARN_DIRECT_OBJC_ISA_USAGE = YES_ERROR;
				CLANG_WARN_DOCUMENTATION_COMMENTS = YES;
				CLANG_WARN_EMPTY_BODY = YES;
				CLANG_WARN_ENUM_CONVERSION = YES;
				CLANG_WARN_INFINITE_RECURSION = YES;
				CLANG_WARN_INT_CONVERSION = YES;
				CLANG_WARN_NON_LITERAL_NULL_CONVERSION = YES;
				CLANG_WARN_OBJC_IMPLICIT_RETAIN_SELF = YES;
				CLANG_WARN_OBJC_LITERAL_CONVERSION = YES;
				CLANG_WARN_OBJC_ROOT_CLASS = YES_ERROR;
				CLANG_WARN_QUOTED_INCLUDE_IN_FRAMEWORK_HEADER = YES;
				CLANG_WARN_RANGE_LOOP_ANALYSIS = YES;
				CLANG_WARN_STRICT_PROTOTYPES = YES;
				CLANG_WARN_SUSPICIOUS_MOVE = YES;
				CLANG_WARN_UNGUARDED_AVAILABILITY = YES_AGGRESSIVE;
				CLANG_WARN_UNREACHABLE_CODE = YES;
				CLANG_WARN__DUPLICATE_METHOD_MATCH = YES;
				COPY_PHASE_STRIP = NO;
				DEBUG_INFORMATION_FORMAT = dwarf;
				ENABLE_STRICT_OBJC_MSGSEND = YES;
				ENABLE_TESTABILITY = YES;
				ENABLE_USER_SCRIPT_SANDBOXING = YES;
				GCC_C_LANGUAGE_STANDARD = gnu17;
				GCC_DYNAMIC_NO_PIC = NO;
				GCC_NO_COMMON_BLOCKS = YES;
				GCC_OPTIMIZATION_LEVEL = 0;
				GCC_PREPROCESSOR_DEFINITIONS = (
					"DEBUG=1",
					"$(inherited)",
				);
				GCC_WARN_64_TO_32_BIT_CONVERSION = YES;
				GCC_WARN_ABOUT_RETURN_TYPE = YES_ERROR;
				GCC_WARN_UNDECLARED_SELECTOR = YES;
				GCC_WARN_UNINITIALIZED_AUTOS = YES_AGGRESSIVE;
				GCC_WARN_UNUSED_FUNCTION = YES;
				GCC_WARN_UNUSED_VARIABLE = YES;
				IPHONEOS_DEPLOYMENT_TARGET = 17.0;
				LOCALIZATION_PREFERS_STRING_CATALOGS = YES;
				MTL_ENABLE_DEBUG_INFO = INCLUDE_SOURCE;
				MTL_FAST_MATH = YES;
				ONLY_ACTIVE_ARCH = YES;
				SDKROOT = iphoneos;
				SWIFT_ACTIVE_COMPILATION_CONDITIONS = "DEBUG $(inherited)";
				SWIFT_OPTIMIZATION_LEVEL = "-Onone";
			};
			name = Debug;
		};
		A748E72B2B01F4D80002990A /* Release */ = {
			isa = XCBuildConfiguration;
			buildSettings = {
				ALWAYS_SEARCH_USER_PATHS = NO;
				ASSETCATALOG_COMPILER_GENERATE_SWIFT_ASSET_SYMBOL_EXTENSIONS = YES;
				CLANG_ANALYZER_NONNULL = YES;
				CLANG_ANALYZER_NUMBER_OBJECT_CONVERSION = YES_AGGRESSIVE;
				CLANG_CXX_LANGUAGE_STANDARD = "gnu++20";
				CLANG_ENABLE_MODULES = YES;
				CLANG_ENABLE_OBJC_ARC = YES;
				CLANG_ENABLE_OBJC_WEAK = YES;
				CLANG_WARN_BLOCK_CAPTURE_AUTORELEASING = YES;
				CLANG_WARN_BOOL_CONVERSION = YES;
				CLANG_WARN_COMMA = YES;
				CLANG_WARN_CONSTANT_CONVERSION = YES;
				CLANG_WARN_DEPRECATED_OBJC_IMPLEMENTATIONS = YES;
				CLANG_WARN_DIRECT_OBJC_ISA_USAGE = YES_ERROR;
				CLANG_WARN_DOCUMENTATION_COMMENTS = YES;
				CLANG_WARN_EMPTY_BODY = YES;
				CLANG_WARN_ENUM_CONVERSION = YES;
				CLANG_WARN_INFINITE_RECURSION = YES;
				CLANG_WARN_INT_CONVERSION = YES;
				CLANG_WARN_NON_LITERAL_NULL_CONVERSION = YES;
				CLANG_WARN_OBJC_IMPLICIT_RETAIN_SELF = YES;
				CLANG_WARN_OBJC_LITERAL_CONVERSION = YES;
				CLANG_WARN_OBJC_ROOT_CLASS = YES_ERROR;
				CLANG_WARN_QUOTED_INCLUDE_IN_FRAMEWORK_HEADER = YES;
				CLANG_WARN_RANGE_LOOP_ANALYSIS = YES;
				CLANG_WARN_STRICT_PROTOTYPES = YES;
				CLANG_WARN_SUSPICIOUS_MOVE = YES;
				CLANG_WARN_UNGUARDED_AVAILABILITY = YES_AGGRESSIVE;
				CLANG_WARN_UNREACHABLE_CODE = YES;
				CLANG_WARN__DUPLICATE_METHOD_MATCH = YES;
				COPY_PHASE_STRIP = NO;
				DEBUG_INFORMATION_FORMAT = "dwarf-with-dsym";
				ENABLE_NS_ASSERTIONS = NO;
				ENABLE_STRICT_OBJC_MSGSEND = YES;
				ENABLE_USER_SCRIPT_SANDBOXING = YES;
				GCC_C_LANGUAGE_STANDARD = gnu17;
				GCC_NO_COMMON_BLOCKS = YES;
				GCC_WARN_64_TO_32_BIT_CONVERSION = YES;
				GCC_WARN_ABOUT_RETURN_TYPE = YES_ERROR;
				GCC_WARN_UNDECLARED_SELECTOR = YES;
				GCC_WARN_UNINITIALIZED_AUTOS = YES_AGGRESSIVE;
				GCC_WARN_UNUSED_FUNCTION = YES;
				GCC_WARN_UNUSED_VARIABLE = YES;
				IPHONEOS_DEPLOYMENT_TARGET = 17.0;
				LOCALIZATION_PREFERS_STRING_CATALOGS = YES;
				MTL_ENABLE_DEBUG_INFO = NO;
				MTL_FAST_MATH = YES;
				SDKROOT = iphoneos;
				SWIFT_COMPILATION_MODE = wholemodule;
				VALIDATE_PRODUCT = YES;
			};
			name = Release;
		};
		A748E72D2B01F4D80002990A /* Debug */ = {
			isa = XCBuildConfiguration;
			buildSettings = {
				ASSETCATALOG_COMPILER_APPICON_NAME = AppIcon;
				ASSETCATALOG_COMPILER_GLOBAL_ACCENT_COLOR_NAME = AccentColor;
				CODE_SIGN_STYLE = Automatic;
				CURRENT_PROJECT_VERSION = 1;
				DEVELOPMENT_ASSET_PATHS = "\"Vitalink/Preview Content\"";
				DEVELOPMENT_TEAM = 665EKHPR8S;
				ENABLE_PREVIEWS = YES;
				GENERATE_INFOPLIST_FILE = YES;
				INFOPLIST_KEY_UIApplicationSceneManifest_Generation = YES;
				INFOPLIST_KEY_UIApplicationSupportsIndirectInputEvents = YES;
				INFOPLIST_KEY_UILaunchScreen_Generation = YES;
				INFOPLIST_KEY_UISupportedInterfaceOrientations_iPad = "UIInterfaceOrientationPortrait UIInterfaceOrientationPortraitUpsideDown UIInterfaceOrientationLandscapeLeft UIInterfaceOrientationLandscapeRight";
				INFOPLIST_KEY_UISupportedInterfaceOrientations_iPhone = "UIInterfaceOrientationPortrait UIInterfaceOrientationLandscapeLeft UIInterfaceOrientationLandscapeRight";
				LD_RUNPATH_SEARCH_PATHS = (
					"$(inherited)",
					"@executable_path/Frameworks",
				);
				MARKETING_VERSION = 1.0;
				PRODUCT_BUNDLE_IDENTIFIER = com.leonardo.Vitalink;
				PRODUCT_NAME = "$(TARGET_NAME)";
				SWIFT_EMIT_LOC_STRINGS = YES;
				SWIFT_VERSION = 5.0;
				TARGETED_DEVICE_FAMILY = "1,2";
			};
			name = Debug;
		};
		A748E72E2B01F4D80002990A /* Release */ = {
			isa = XCBuildConfiguration;
			buildSettings = {
				ASSETCATALOG_COMPILER_APPICON_NAME = AppIcon;
				ASSETCATALOG_COMPILER_GLOBAL_ACCENT_COLOR_NAME = AccentColor;
				CODE_SIGN_STYLE = Automatic;
				CURRENT_PROJECT_VERSION = 1;
				DEVELOPMENT_ASSET_PATHS = "\"Vitalink/Preview Content\"";
				DEVELOPMENT_TEAM = 665EKHPR8S;
				ENABLE_PREVIEWS = YES;
				GENERATE_INFOPLIST_FILE = YES;
				INFOPLIST_KEY_UIApplicationSceneManifest_Generation = YES;
				INFOPLIST_KEY_UIApplicationSupportsIndirectInputEvents = YES;
				INFOPLIST_KEY_UILaunchScreen_Generation = YES;
				INFOPLIST_KEY_UISupportedInterfaceOrientations_iPad = "UIInterfaceOrientationPortrait UIInterfaceOrientationPortraitUpsideDown UIInterfaceOrientationLandscapeLeft UIInterfaceOrientationLandscapeRight";
				INFOPLIST_KEY_UISupportedInterfaceOrientations_iPhone = "UIInterfaceOrientationPortrait UIInterfaceOrientationLandscapeLeft UIInterfaceOrientationLandscapeRight";
				LD_RUNPATH_SEARCH_PATHS = (
					"$(inherited)",
					"@executable_path/Frameworks",
				);
				MARKETING_VERSION = 1.0;
				PRODUCT_BUNDLE_IDENTIFIER = com.leonardo.Vitalink;
				PRODUCT_NAME = "$(TARGET_NAME)";
				SWIFT_EMIT_LOC_STRINGS = YES;
				SWIFT_VERSION = 5.0;
				TARGETED_DEVICE_FAMILY = "1,2";
			};
			name = Release;
		};
		A748E7302B01F4D80002990A /* Debug */ = {
			isa = XCBuildConfiguration;
			buildSettings = {
				ALWAYS_EMBED_SWIFT_STANDARD_LIBRARIES = YES;
				BUNDLE_LOADER = "$(TEST_HOST)";
				CODE_SIGN_STYLE = Automatic;
				CURRENT_PROJECT_VERSION = 1;
				DEVELOPMENT_TEAM = 665EKHPR8S;
				GENERATE_INFOPLIST_FILE = YES;
				IPHONEOS_DEPLOYMENT_TARGET = 17.0;
				MARKETING_VERSION = 1.0;
				PRODUCT_BUNDLE_IDENTIFIER = com.leonardo.VitalinkTests;
				PRODUCT_NAME = "$(TARGET_NAME)";
				SWIFT_EMIT_LOC_STRINGS = NO;
				SWIFT_VERSION = 5.0;
				TARGETED_DEVICE_FAMILY = "1,2";
				TEST_HOST = "$(BUILT_PRODUCTS_DIR)/Vitalink.app/$(BUNDLE_EXECUTABLE_FOLDER_PATH)/Vitalink";
			};
			name = Debug;
		};
		A748E7312B01F4D80002990A /* Release */ = {
			isa = XCBuildConfiguration;
			buildSettings = {
				ALWAYS_EMBED_SWIFT_STANDARD_LIBRARIES = YES;
				BUNDLE_LOADER = "$(TEST_HOST)";
				CODE_SIGN_STYLE = Automatic;
				CURRENT_PROJECT_VERSION = 1;
				DEVELOPMENT_TEAM = 665EKHPR8S;
				GENERATE_INFOPLIST_FILE = YES;
				IPHONEOS_DEPLOYMENT_TARGET = 17.0;
				MARKETING_VERSION = 1.0;
				PRODUCT_BUNDLE_IDENTIFIER = com.leonardo.VitalinkTests;
				PRODUCT_NAME = "$(TARGET_NAME)";
				SWIFT_EMIT_LOC_STRINGS = NO;
				SWIFT_VERSION = 5.0;
				TARGETED_DEVICE_FAMILY = "1,2";
				TEST_HOST = "$(BUILT_PRODUCTS_DIR)/Vitalink.app/$(BUNDLE_EXECUTABLE_FOLDER_PATH)/Vitalink";
			};
			name = Release;
		};
		A748E7332B01F4D80002990A /* Debug */ = {
			isa = XCBuildConfiguration;
			buildSettings = {
				ALWAYS_EMBED_SWIFT_STANDARD_LIBRARIES = YES;
				CODE_SIGN_STYLE = Automatic;
				CURRENT_PROJECT_VERSION = 1;
				DEVELOPMENT_TEAM = 665EKHPR8S;
				GENERATE_INFOPLIST_FILE = YES;
				MARKETING_VERSION = 1.0;
				PRODUCT_BUNDLE_IDENTIFIER = com.leonardo.VitalinkUITests;
				PRODUCT_NAME = "$(TARGET_NAME)";
				SWIFT_EMIT_LOC_STRINGS = NO;
				SWIFT_VERSION = 5.0;
				TARGETED_DEVICE_FAMILY = "1,2";
				TEST_TARGET_NAME = Vitalink;
			};
			name = Debug;
		};
		A748E7342B01F4D80002990A /* Release */ = {
			isa = XCBuildConfiguration;
			buildSettings = {
				ALWAYS_EMBED_SWIFT_STANDARD_LIBRARIES = YES;
				CODE_SIGN_STYLE = Automatic;
				CURRENT_PROJECT_VERSION = 1;
				DEVELOPMENT_TEAM = 665EKHPR8S;
				GENERATE_INFOPLIST_FILE = YES;
				MARKETING_VERSION = 1.0;
				PRODUCT_BUNDLE_IDENTIFIER = com.leonardo.VitalinkUITests;
				PRODUCT_NAME = "$(TARGET_NAME)";
				SWIFT_EMIT_LOC_STRINGS = NO;
				SWIFT_VERSION = 5.0;
				TARGETED_DEVICE_FAMILY = "1,2";
				TEST_TARGET_NAME = Vitalink;
			};
			name = Release;
		};
/* End XCBuildConfiguration section */

/* Begin XCConfigurationList section */
		A748E7032B01F4D60002990A /* Build configuration list for PBXProject "Vitalink" */ = {
			isa = XCConfigurationList;
			buildConfigurations = (
				A748E72A2B01F4D80002990A /* Debug */,
				A748E72B2B01F4D80002990A /* Release */,
			);
			defaultConfigurationIsVisible = 0;
			defaultConfigurationName = Release;
		};
		A748E72C2B01F4D80002990A /* Build configuration list for PBXNativeTarget "Vitalink" */ = {
			isa = XCConfigurationList;
			buildConfigurations = (
				A748E72D2B01F4D80002990A /* Debug */,
				A748E72E2B01F4D80002990A /* Release */,
			);
			defaultConfigurationIsVisible = 0;
			defaultConfigurationName = Release;
		};
		A748E72F2B01F4D80002990A /* Build configuration list for PBXNativeTarget "VitalinkTests" */ = {
			isa = XCConfigurationList;
			buildConfigurations = (
				A748E7302B01F4D80002990A /* Debug */,
				A748E7312B01F4D80002990A /* Release */,
			);
			defaultConfigurationIsVisible = 0;
			defaultConfigurationName = Release;
		};
		A748E7322B01F4D80002990A /* Build configuration list for PBXNativeTarget "VitalinkUITests" */ = {
			isa = XCConfigurationList;
			buildConfigurations = (
				A748E7332B01F4D80002990A /* Debug */,
				A748E7342B01F4D80002990A /* Release */,
			);
			defaultConfigurationIsVisible = 0;
			defaultConfigurationName = Release;
		};
/* End XCConfigurationList section */
	};
	rootObject = A748E7002B01F4D60002990A /* Project object */;
}
